// !$*UTF8*$!
{
	archiveVersion = 1;
	classes = {
	};
	objectVersion = 77;
	objects = {

/* Begin PBXBuildFile section */
		AC12345C2F000007001A8113 /* FirebaseAuth in Frameworks */ = {isa = PBXBuildFile; productRef = AC1234582F000003001A8113 /* FirebaseAuth */; };
		AC12345D2F000008001A8113 /* FirebaseCore in Frameworks */ = {isa = PBXBuildFile; productRef = AC1234592F000004001A8113 /* FirebaseCore */; };
		AC12345E2F000009001A8113 /* GoogleSignIn in Frameworks */ = {isa = PBXBuildFile; productRef = AC12345A2F000005001A8113 /* GoogleSignIn */; };
		AC12345F2F00000A001A8113 /* GoogleSignInSwift in Frameworks */ = {isa = PBXBuildFile; productRef = AC12345B2F000006001A8113 /* GoogleSignInSwift */; };
/* End PBXBuildFile section */

/* Begin PBXContainerItemProxy section */
		ACAEBA912E7F298E001A8113 /* PBXContainerItemProxy */ = {
			isa = PBXContainerItemProxy;
			containerPortal = ACAEBA7A2E7F298D001A8113 /* Project object */;
			proxyType = 1;
			remoteGlobalIDString = ACAEBA812E7F298D001A8113;
			remoteInfo = "Still App";
		};
		ACAEBA9B2E7F298E001A8113 /* PBXContainerItemProxy */ = {
			isa = PBXContainerItemProxy;
			containerPortal = ACAEBA7A2E7F298D001A8113 /* Project object */;
			proxyType = 1;
			remoteGlobalIDString = ACAEBA812E7F298D001A8113;
			remoteInfo = "Still App";
		};
/* End PBXContainerItemProxy section */

/* Begin PBXFileReference section */
		ACAEBA822E7F298D001A8113 /* Still App.app */ = {isa = PBXFileReference; explicitFileType = wrapper.application; includeInIndex = 0; path = "Still App.app"; sourceTree = BUILT_PRODUCTS_DIR; };
		ACAEBA902E7F298E001A8113 /* Still AppTests.xctest */ = {isa = PBXFileReference; explicitFileType = wrapper.cfbundle; includeInIndex = 0; path = "Still AppTests.xctest"; sourceTree = BUILT_PRODUCTS_DIR; };
		ACAEBA9A2E7F298E001A8113 /* Still AppUITests.xctest */ = {isa = PBXFileReference; explicitFileType = wrapper.cfbundle; includeInIndex = 0; path = "Still AppUITests.xctest"; sourceTree = BUILT_PRODUCTS_DIR; };
/* End PBXFileReference section */

/* Begin PBXFileSystemSynchronizedRootGroup section */
		ACAEBA842E7F298D001A8113 /* Still App */ = {
			isa = PBXFileSystemSynchronizedRootGroup;
			path = "Still App";
			sourceTree = "<group>";
		};
		ACAEBA932E7F298E001A8113 /* Still AppTests */ = {
			isa = PBXFileSystemSynchronizedRootGroup;
			path = "Still AppTests";
			sourceTree = "<group>";
		};
		ACAEBA9D2E7F298E001A8113 /* Still AppUITests */ = {
			isa = PBXFileSystemSynchronizedRootGroup;
			path = "Still AppUITests";
			sourceTree = "<group>";
		};
/* End PBXFileSystemSynchronizedRootGroup section */

/* Begin PBXFrameworksBuildPhase section */
		ACAEBA7F2E7F298D001A8113 /* Frameworks */ = {
			isa = PBXFrameworksBuildPhase;
			buildActionMask = 2147483647;
			files = (
				AC12345C2F000007001A8113 /* FirebaseAuth in Frameworks */,
				AC12345D2F000008001A8113 /* FirebaseCore in Frameworks */,
				AC12345E2F000009001A8113 /* GoogleSignIn in Frameworks */,
				AC12345F2F00000A001A8113 /* GoogleSignInSwift in Frameworks */,
			);
			runOnlyForDeploymentPostprocessing = 0;
		};
		ACAEBA8D2E7F298E001A8113 /* Frameworks */ = {
			isa = PBXFrameworksBuildPhase;
			buildActionMask = 2147483647;
			files = (
			);
			runOnlyForDeploymentPostprocessing = 0;
		};
		ACAEBA972E7F298E001A8113 /* Frameworks */ = {
			isa = PBXFrameworksBuildPhase;
			buildActionMask = 2147483647;
			files = (
			);
			runOnlyForDeploymentPostprocessing = 0;
		};
/* End PBXFrameworksBuildPhase section */

/* Begin PBXGroup section */
		ACAEBA792E7F298D001A8113 = {
			isa = PBXGroup;
			children = (
				ACAEBA842E7F298D001A8113 /* Still App */,
				ACAEBA932E7F298E001A8113 /* Still AppTests */,
				ACAEBA9D2E7F298E001A8113 /* Still AppUITests */,
				ACAEBA832E7F298D001A8113 /* Products */,
			);
			sourceTree = "<group>";
		};
		ACAEBA832E7F298D001A8113 /* Products */ = {
			isa = PBXGroup;
			children = (
				ACAEBA822E7F298D001A8113 /* Still App.app */,
				ACAEBA902E7F298E001A8113 /* Still AppTests.xctest */,
				ACAEBA9A2E7F298E001A8113 /* Still AppUITests.xctest */,
			);
			name = Products;
			sourceTree = "<group>";
		};
/* End PBXGroup section */

/* Begin PBXNativeTarget section */
		ACAEBA812E7F298D001A8113 /* Still App */ = {
			isa = PBXNativeTarget;
			buildConfigurationList = ACAEBAA42E7F298E001A8113 /* Build configuration list for PBXNativeTarget "Still App" */;
			buildPhases = (
				ACAEBA7E2E7F298D001A8113 /* Sources */,
				ACAEBA7F2E7F298D001A8113 /* Frameworks */,
				ACAEBA802E7F298D001A8113 /* Resources */,
			);
			buildRules = (
			);
			dependencies = (
			);
			fileSystemSynchronizedGroups = (
				ACAEBA842E7F298D001A8113 /* Still App */,
			);
			name = "Still App";
			packageProductDependencies = (
				AC1234582F000003001A8113 /* FirebaseAuth */,
				AC1234592F000004001A8113 /* FirebaseCore */,
				AC12345A2F000005001A8113 /* GoogleSignIn */,
				AC12345B2F000006001A8113 /* GoogleSignInSwift */,
			);
			productName = "Still App";
			productReference = ACAEBA822E7F298D001A8113 /* Still App.app */;
			productType = "com.apple.product-type.application";
		};
		ACAEBA8F2E7F298E001A8113 /* Still AppTests */ = {
			isa = PBXNativeTarget;
			buildConfigurationList = ACAEBAA72E7F298E001A8113 /* Build configuration list for PBXNativeTarget "Still AppTests" */;
			buildPhases = (
				ACAEBA8C2E7F298E001A8113 /* Sources */,
				ACAEBA8D2E7F298E001A8113 /* Frameworks */,
				ACAEBA8E2E7F298E001A8113 /* Resources */,
			);
			buildRules = (
			);
			dependencies = (
				ACAEBA922E7F298E001A8113 /* PBXTargetDependency */,
			);
			fileSystemSynchronizedGroups = (
				ACAEBA932E7F298E001A8113 /* Still AppTests */,
			);
			name = "Still AppTests";
			packageProductDependencies = (
			);
			productName = "Still AppTests";
			productReference = ACAEBA902E7F298E001A8113 /* Still AppTests.xctest */;
			productType = "com.apple.product-type.bundle.unit-test";
		};
		ACAEBA992E7F298E001A8113 /* Still AppUITests */ = {
			isa = PBXNativeTarget;
			buildConfigurationList = ACAEBAAA2E7F298E001A8113 /* Build configuration list for PBXNativeTarget "Still AppUITests" */;
			buildPhases = (
				ACAEBA962E7F298E001A8113 /* Sources */,
				ACAEBA972E7F298E001A8113 /* Frameworks */,
				ACAEBA982E7F298E001A8113 /* Resources */,
			);
			buildRules = (
			);
			dependencies = (
				ACAEBA9C2E7F298E001A8113 /* PBXTargetDependency */,
			);
			fileSystemSynchronizedGroups = (
				ACAEBA9D2E7F298E001A8113 /* Still AppUITests */,
			);
			name = "Still AppUITests";
			packageProductDependencies = (
			);
			productName = "Still AppUITests";
			productReference = ACAEBA9A2E7F298E001A8113 /* Still AppUITests.xctest */;
			productType = "com.apple.product-type.bundle.ui-testing";
		};
/* End PBXNativeTarget section */

/* Begin PBXProject section */
		ACAEBA7A2E7F298D001A8113 /* Project object */ = {
			isa = PBXProject;
			attributes = {
				BuildIndependentTargetsInParallel = 1;
				LastSwiftUpdateCheck = 1640;
				LastUpgradeCheck = 1640;
				TargetAttributes = {
					ACAEBA812E7F298D001A8113 = {
						CreatedOnToolsVersion = 16.4;
					};
					ACAEBA8F2E7F298E001A8113 = {
						CreatedOnToolsVersion = 16.4;
						TestTargetID = ACAEBA812E7F298D001A8113;
					};
					ACAEBA992E7F298E001A8113 = {
						CreatedOnToolsVersion = 16.4;
						TestTargetID = ACAEBA812E7F298D001A8113;
					};
				};
			};
			buildConfigurationList = ACAEBA7D2E7F298D001A8113 /* Build configuration list for PBXProject "Still App" */;
			developmentRegion = en;
			hasScannedForEncodings = 0;
			knownRegions = (
				en,
				Base,
			);
			mainGroup = ACAEBA792E7F298D001A8113;
			minimizedProjectReferenceProxies = 1;
			packageReferences = (
				AC1234562F000001001A8113 /* XCRemoteSwiftPackageReference "firebase-ios-sdk" */,
				AC1234572F000002001A8113 /* XCRemoteSwiftPackageReference "GoogleSignIn-iOS" */,
			);
			preferredProjectObjectVersion = 77;
			productRefGroup = ACAEBA832E7F298D001A8113 /* Products */;
			projectDirPath = "";
			projectRoot = "";
			targets = (
				ACAEBA812E7F298D001A8113 /* Still App */,
				ACAEBA8F2E7F298E001A8113 /* Still AppTests */,
				ACAEBA992E7F298E001A8113 /* Still AppUITests */,
			);
		};
/* End PBXProject section */

/* Begin PBXResourcesBuildPhase section */
		ACAEBA802E7F298D001A8113 /* Resources */ = {
			isa = PBXResourcesBuildPhase;
			buildActionMask = 2147483647;
			files = (
			);
			runOnlyForDeploymentPostprocessing = 0;
		};
		ACAEBA8E2E7F298E001A8113 /* Resources */ = {
			isa = PBXResourcesBuildPhase;
			buildActionMask = 2147483647;
			files = (
			);
			runOnlyForDeploymentPostprocessing = 0;
		};
		ACAEBA982E7F298E001A8113 /* Resources */ = {
			isa = PBXResourcesBuildPhase;
			buildActionMask = 2147483647;
			files = (
			);
			runOnlyForDeploymentPostprocessing = 0;
		};
/* End PBXResourcesBuildPhase section */

/* Begin PBXSourcesBuildPhase section */
		ACAEBA7E2E7F298D001A8113 /* Sources */ = {
			isa = PBXSourcesBuildPhase;
			buildActionMask = 2147483647;
			files = (
			);
			runOnlyForDeploymentPostprocessing = 0;
		};
		ACAEBA8C2E7F298E001A8113 /* Sources */ = {
			isa = PBXSourcesBuildPhase;
			buildActionMask = 2147483647;
			files = (
			);
			runOnlyForDeploymentPostprocessing = 0;
		};
		ACAEBA962E7F298E001A8113 /* Sources */ = {
			isa = PBXSourcesBuildPhase;
			buildActionMask = 2147483647;
			files = (
			);
			runOnlyForDeploymentPostprocessing = 0;
		};
/* End PBXSourcesBuildPhase section */

/* Begin PBXTargetDependency section */
		ACAEBA922E7F298E001A8113 /* PBXTargetDependency */ = {
			isa = PBXTargetDependency;
			target = ACAEBA812E7F298D001A8113 /* Still App */;
			targetProxy = ACAEBA912E7F298E001A8113 /* PBXContainerItemProxy */;
		};
		ACAEBA9C2E7F298E001A8113 /* PBXTargetDependency */ = {
			isa = PBXTargetDependency;
			target = ACAEBA812E7F298D001A8113 /* Still App */;
			targetProxy = ACAEBA9B2E7F298E001A8113 /* PBXContainerItemProxy */;
		};
/* End PBXTargetDependency section */

/* Begin XCBuildConfiguration section */
		ACAEBAA22E7F298E001A8113 /* Debug */ = {
			isa = XCBuildConfiguration;
			buildSettings = {
				ALWAYS_SEARCH_USER_PATHS = NO;
				ASSETCATALOG_COMPILER_GENERATE_SWIFT_ASSET_SYMBOL_EXTENSIONS = YES;
				CLANG_ANALYZER_NONNULL = YES;
				CLANG_ANALYZER_NUMBER_OBJECT_CONVERSION = YES_AGGRESSIVE;
				CLANG_CXX_LANGUAGE_STANDARD = "gnu++20";
				CLANG_ENABLE_MODULES = YES;
				CLANG_ENABLE_OBJC_ARC = YES;
				CLANG_ENABLE_OBJC_WEAK = YES;
				CLANG_WARN_BLOCK_CAPTURE_AUTORELEASING = YES;
				CLANG_WARN_BOOL_CONVERSION = YES;
				CLANG_WARN_COMMA = YES;
				CLANG_WARN_CONSTANT_CONVERSION = YES;
				CLANG_WARN_DEPRECATED_OBJC_IMPLEMENTATIONS = YES;
				CLANG_WARN_DIRECT_OBJC_ISA_USAGE = YES_ERROR;
				CLANG_WARN_DOCUMENTATION_COMMENTS = YES;
				CLANG_WARN_EMPTY_BODY = YES;
				CLANG_WARN_ENUM_CONVERSION = YES;
				CLANG_WARN_INFINITE_RECURSION = YES;
				CLANG_WARN_INT_CONVERSION = YES;
				CLANG_WARN_NON_LITERAL_NULL_CONVERSION = YES;
				CLANG_WARN_OBJC_IMPLICIT_RETAIN_SELF = YES;
				CLANG_WARN_OBJC_LITERAL_CONVERSION = YES;
				CLANG_WARN_OBJC_ROOT_CLASS = YES_ERROR;
				CLANG_WARN_QUOTED_INCLUDE_IN_FRAMEWORK_HEADER = YES;
				CLANG_WARN_RANGE_LOOP_ANALYSIS = YES;
				CLANG_WARN_STRICT_PROTOTYPES = YES;
				CLANG_WARN_SUSPICIOUS_MOVE = YES;
				CLANG_WARN_UNGUARDED_AVAILABILITY = YES_AGGRESSIVE;
				CLANG_WARN_UNREACHABLE_CODE = YES;
				CLANG_WARN__DUPLICATE_METHOD_MATCH = YES;
				COPY_PHASE_STRIP = NO;
				DEBUG_INFORMATION_FORMAT = dwarf;
				DEVELOPMENT_TEAM = R28KUQ4KQP;
				ENABLE_RESOURCE_ACCESS_AUDIO_INPUT = NO;
				ENABLE_STRICT_OBJC_MSGSEND = YES;
				ENABLE_TESTABILITY = YES;
				ENABLE_USER_SCRIPT_SANDBOXING = YES;
				GCC_C_LANGUAGE_STANDARD = gnu17;
				GCC_DYNAMIC_NO_PIC = NO;
				GCC_NO_COMMON_BLOCKS = YES;
				GCC_OPTIMIZATION_LEVEL = 0;
				GCC_PREPROCESSOR_DEFINITIONS = (
					"DEBUG=1",
					"$(inherited)",
				);
				GCC_WARN_64_TO_32_BIT_CONVERSION = YES;
				GCC_WARN_ABOUT_RETURN_TYPE = YES_ERROR;
				GCC_WARN_UNDECLARED_SELECTOR = YES;
				GCC_WARN_UNINITIALIZED_AUTOS = YES_AGGRESSIVE;
				GCC_WARN_UNUSED_FUNCTION = YES;
				GCC_WARN_UNUSED_VARIABLE = YES;
				LOCALIZATION_PREFERS_STRING_CATALOGS = YES;
				MTL_ENABLE_DEBUG_INFO = INCLUDE_SOURCE;
				MTL_FAST_MATH = YES;
				ONLY_ACTIVE_ARCH = YES;
				SWIFT_ACTIVE_COMPILATION_CONDITIONS = "DEBUG $(inherited)";
				SWIFT_OPTIMIZATION_LEVEL = "-Onone";
			};
			name = Debug;
		};
		ACAEBAA32E7F298E001A8113 /* Release */ = {
			isa = XCBuildConfiguration;
			buildSettings = {
				ALWAYS_SEARCH_USER_PATHS = NO;
				ASSETCATALOG_COMPILER_GENERATE_SWIFT_ASSET_SYMBOL_EXTENSIONS = YES;
				CLANG_ANALYZER_NONNULL = YES;
				CLANG_ANALYZER_NUMBER_OBJECT_CONVERSION = YES_AGGRESSIVE;
				CLANG_CXX_LANGUAGE_STANDARD = "gnu++20";
				CLANG_ENABLE_MODULES = YES;
				CLANG_ENABLE_OBJC_ARC = YES;
				CLANG_ENABLE_OBJC_WEAK = YES;
				CLANG_WARN_BLOCK_CAPTURE_AUTORELEASING = YES;
				CLANG_WARN_BOOL_CONVERSION = YES;
				CLANG_WARN_COMMA = YES;
				CLANG_WARN_CONSTANT_CONVERSION = YES;
				CLANG_WARN_DEPRECATED_OBJC_IMPLEMENTATIONS = YES;
				CLANG_WARN_DIRECT_OBJC_ISA_USAGE = YES_ERROR;
				CLANG_WARN_DOCUMENTATION_COMMENTS = YES;
				CLANG_WARN_EMPTY_BODY = YES;
				CLANG_WARN_ENUM_CONVERSION = YES;
				CLANG_WARN_INFINITE_RECURSION = YES;
				CLANG_WARN_INT_CONVERSION = YES;
				CLANG_WARN_NON_LITERAL_NULL_CONVERSION = YES;
				CLANG_WARN_OBJC_IMPLICIT_RETAIN_SELF = YES;
				CLANG_WARN_OBJC_LITERAL_CONVERSION = YES;
				CLANG_WARN_OBJC_ROOT_CLASS = YES_ERROR;
				CLANG_WARN_QUOTED_INCLUDE_IN_FRAMEWORK_HEADER = YES;
				CLANG_WARN_RANGE_LOOP_ANALYSIS = YES;
				CLANG_WARN_STRICT_PROTOTYPES = YES;
				CLANG_WARN_SUSPICIOUS_MOVE = YES;
				CLANG_WARN_UNGUARDED_AVAILABILITY = YES_AGGRESSIVE;
				CLANG_WARN_UNREACHABLE_CODE = YES;
				CLANG_WARN__DUPLICATE_METHOD_MATCH = YES;
				COPY_PHASE_STRIP = NO;
				DEBUG_INFORMATION_FORMAT = "dwarf-with-dsym";
				DEVELOPMENT_TEAM = R28KUQ4KQP;
				ENABLE_NS_ASSERTIONS = NO;
				ENABLE_RESOURCE_ACCESS_AUDIO_INPUT = NO;
				ENABLE_STRICT_OBJC_MSGSEND = YES;
				ENABLE_USER_SCRIPT_SANDBOXING = YES;
				GCC_C_LANGUAGE_STANDARD = gnu17;
				GCC_NO_COMMON_BLOCKS = YES;
				GCC_WARN_64_TO_32_BIT_CONVERSION = YES;
				GCC_WARN_ABOUT_RETURN_TYPE = YES_ERROR;
				GCC_WARN_UNDECLARED_SELECTOR = YES;
				GCC_WARN_UNINITIALIZED_AUTOS = YES_AGGRESSIVE;
				GCC_WARN_UNUSED_FUNCTION = YES;
				GCC_WARN_UNUSED_VARIABLE = YES;
				LOCALIZATION_PREFERS_STRING_CATALOGS = YES;
				MTL_ENABLE_DEBUG_INFO = NO;
				MTL_FAST_MATH = YES;
				SWIFT_COMPILATION_MODE = wholemodule;
			};
			name = Release;
		};
		ACAEBAA52E7F298E001A8113 /* Debug */ = {
			isa = XCBuildConfiguration;
			buildSettings = {
				ASSETCATALOG_COMPILER_APPICON_NAME = AppIcon;
				ASSETCATALOG_COMPILER_GLOBAL_ACCENT_COLOR_NAME = AccentColor;
				CODE_SIGN_ENTITLEMENTS = "Still App/Still_App.entitlements";
				CODE_SIGN_STYLE = Automatic;
				CURRENT_PROJECT_VERSION = 1;
				DEVELOPMENT_TEAM = R28KUQ4KQP;
				ENABLE_HARDENED_RUNTIME = YES;
				ENABLE_PREVIEWS = YES;
				GENERATE_INFOPLIST_FILE = YES;
				"INFOPLIST_KEY_UIApplicationSceneManifest_Generation[sdk=iphoneos*]" = YES;
				"INFOPLIST_KEY_UIApplicationSceneManifest_Generation[sdk=iphonesimulator*]" = YES;
				"INFOPLIST_KEY_UIApplicationSupportsIndirectInputEvents[sdk=iphoneos*]" = YES;
				"INFOPLIST_KEY_UIApplicationSupportsIndirectInputEvents[sdk=iphonesimulator*]" = YES;
				"INFOPLIST_KEY_UILaunchScreen_Generation[sdk=iphoneos*]" = YES;
				"INFOPLIST_KEY_UILaunchScreen_Generation[sdk=iphonesimulator*]" = YES;
				"INFOPLIST_KEY_UIStatusBarStyle[sdk=iphoneos*]" = UIStatusBarStyleDefault;
				"INFOPLIST_KEY_UIStatusBarStyle[sdk=iphonesimulator*]" = UIStatusBarStyleDefault;
				INFOPLIST_KEY_UISupportedInterfaceOrientations_iPad = "UIInterfaceOrientationPortrait UIInterfaceOrientationPortraitUpsideDown UIInterfaceOrientationLandscapeLeft UIInterfaceOrientationLandscapeRight";
				INFOPLIST_KEY_UISupportedInterfaceOrientations_iPhone = "UIInterfaceOrientationPortrait UIInterfaceOrientationLandscapeLeft UIInterfaceOrientationLandscapeRight";
				IPHONEOS_DEPLOYMENT_TARGET = 18.5;
				LD_RUNPATH_SEARCH_PATHS = "@executable_path/Frameworks";
				"LD_RUNPATH_SEARCH_PATHS[sdk=macosx*]" = "@executable_path/../Frameworks";
				MACOSX_DEPLOYMENT_TARGET = 15.3;
				MARKETING_VERSION = 1.0;
				PRODUCT_BUNDLE_IDENTIFIER = "meditation.Still-App";
				PRODUCT_NAME = "$(TARGET_NAME)";
				REGISTER_APP_GROUPS = YES;
				SDKROOT = auto;
				SUPPORTED_PLATFORMS = "iphoneos iphonesimulator macosx xros xrsimulator";
				SWIFT_EMIT_LOC_STRINGS = YES;
				SWIFT_VERSION = 5.0;
				TARGETED_DEVICE_FAMILY = "1,2,7";
				XROS_DEPLOYMENT_TARGET = 2.5;
			};
			name = Debug;
		};
		ACAEBAA62E7F298E001A8113 /* Release */ = {
			isa = XCBuildConfiguration;
			buildSettings = {
				ASSETCATALOG_COMPILER_APPICON_NAME = AppIcon;
				ASSETCATALOG_COMPILER_GLOBAL_ACCENT_COLOR_NAME = AccentColor;
				CODE_SIGN_ENTITLEMENTS = "Still App/Still AppRelease.entitlements";
				CODE_SIGN_STYLE = Automatic;
				CURRENT_PROJECT_VERSION = 1;
				DEVELOPMENT_TEAM = R28KUQ4KQP;
				ENABLE_HARDENED_RUNTIME = YES;
				ENABLE_PREVIEWS = YES;
				GENERATE_INFOPLIST_FILE = YES;
				"INFOPLIST_KEY_UIApplicationSceneManifest_Generation[sdk=iphoneos*]" = YES;
				"INFOPLIST_KEY_UIApplicationSceneManifest_Generation[sdk=iphonesimulator*]" = YES;
				"INFOPLIST_KEY_UIApplicationSupportsIndirectInputEvents[sdk=iphoneos*]" = YES;
				"INFOPLIST_KEY_UIApplicationSupportsIndirectInputEvents[sdk=iphonesimulator*]" = YES;
				"INFOPLIST_KEY_UILaunchScreen_Generation[sdk=iphoneos*]" = YES;
				"INFOPLIST_KEY_UILaunchScreen_Generation[sdk=iphonesimulator*]" = YES;
				"INFOPLIST_KEY_UIStatusBarStyle[sdk=iphoneos*]" = UIStatusBarStyleDefault;
				"INFOPLIST_KEY_UIStatusBarStyle[sdk=iphonesimulator*]" = UIStatusBarStyleDefault;
				INFOPLIST_KEY_UISupportedInterfaceOrientations_iPad = "UIInterfaceOrientationPortrait UIInterfaceOrientationPortraitUpsideDown UIInterfaceOrientationLandscapeLeft UIInterfaceOrientationLandscapeRight";
				INFOPLIST_KEY_UISupportedInterfaceOrientations_iPhone = "UIInterfaceOrientationPortrait UIInterfaceOrientationLandscapeLeft UIInterfaceOrientationLandscapeRight";
				IPHONEOS_DEPLOYMENT_TARGET = 18.5;
				LD_RUNPATH_SEARCH_PATHS = "@executable_path/Frameworks";
				"LD_RUNPATH_SEARCH_PATHS[sdk=macosx*]" = "@executable_path/../Frameworks";
				MACOSX_DEPLOYMENT_TARGET = 15.3;
				MARKETING_VERSION = 1.0;
				PRODUCT_BUNDLE_IDENTIFIER = "meditation.Still-App";
				PRODUCT_NAME = "$(TARGET_NAME)";
				REGISTER_APP_GROUPS = YES;
				SDKROOT = auto;
				SUPPORTED_PLATFORMS = "iphoneos iphonesimulator macosx xros xrsimulator";
				SWIFT_EMIT_LOC_STRINGS = YES;
				SWIFT_VERSION = 5.0;
				TARGETED_DEVICE_FAMILY = "1,2,7";
				XROS_DEPLOYMENT_TARGET = 2.5;
			};
			name = Release;
		};
		ACAEBAA82E7F298E001A8113 /* Debug */ = {
			isa = XCBuildConfiguration;
			buildSettings = {
				BUNDLE_LOADER = "$(TEST_HOST)";
				CODE_SIGN_STYLE = Automatic;
				CURRENT_PROJECT_VERSION = 1;
				DEVELOPMENT_TEAM = R28KUQ4KQP;
				GENERATE_INFOPLIST_FILE = YES;
				IPHONEOS_DEPLOYMENT_TARGET = 18.5;
				MACOSX_DEPLOYMENT_TARGET = 15.3;
				MARKETING_VERSION = 1.0;
				PRODUCT_BUNDLE_IDENTIFIER = "meditation.Still-AppTests";
				PRODUCT_NAME = "$(TARGET_NAME)";
				SDKROOT = auto;
				SUPPORTED_PLATFORMS = "iphoneos iphonesimulator macosx xros xrsimulator";
				SWIFT_EMIT_LOC_STRINGS = NO;
				SWIFT_VERSION = 5.0;
				TARGETED_DEVICE_FAMILY = "1,2,7";
				TEST_HOST = "$(BUILT_PRODUCTS_DIR)/Still App.app/$(BUNDLE_EXECUTABLE_FOLDER_PATH)/Still App";
				XROS_DEPLOYMENT_TARGET = 2.5;
			};
			name = Debug;
		};
		ACAEBAA92E7F298E001A8113 /* Release */ = {
			isa = XCBuildConfiguration;
			buildSettings = {
				BUNDLE_LOADER = "$(TEST_HOST)";
				CODE_SIGN_STYLE = Automatic;
				CURRENT_PROJECT_VERSION = 1;
				DEVELOPMENT_TEAM = R28KUQ4KQP;
				GENERATE_INFOPLIST_FILE = YES;
				IPHONEOS_DEPLOYMENT_TARGET = 18.5;
				MACOSX_DEPLOYMENT_TARGET = 15.3;
				MARKETING_VERSION = 1.0;
				PRODUCT_BUNDLE_IDENTIFIER = "meditation.Still-AppTests";
				PRODUCT_NAME = "$(TARGET_NAME)";
				SDKROOT = auto;
				SUPPORTED_PLATFORMS = "iphoneos iphonesimulator macosx xros xrsimulator";
				SWIFT_EMIT_LOC_STRINGS = NO;
				SWIFT_VERSION = 5.0;
				TARGETED_DEVICE_FAMILY = "1,2,7";
				TEST_HOST = "$(BUILT_PRODUCTS_DIR)/Still App.app/$(BUNDLE_EXECUTABLE_FOLDER_PATH)/Still App";
				XROS_DEPLOYMENT_TARGET = 2.5;
			};
			name = Release;
		};
		ACAEBAAB2E7F298E001A8113 /* Debug */ = {
			isa = XCBuildConfiguration;
			buildSettings = {
				CODE_SIGN_STYLE = Automatic;
				CURRENT_PROJECT_VERSION = 1;
				DEVELOPMENT_TEAM = R28KUQ4KQP;
				GENERATE_INFOPLIST_FILE = YES;
				IPHONEOS_DEPLOYMENT_TARGET = 18.5;
				MACOSX_DEPLOYMENT_TARGET = 15.3;
				MARKETING_VERSION = 1.0;
				PRODUCT_BUNDLE_IDENTIFIER = "meditation.Still-AppUITests";
				PRODUCT_NAME = "$(TARGET_NAME)";
				SDKROOT = auto;
				SUPPORTED_PLATFORMS = "iphoneos iphonesimulator macosx xros xrsimulator";
				SWIFT_EMIT_LOC_STRINGS = NO;
				SWIFT_VERSION = 5.0;
				TARGETED_DEVICE_FAMILY = "1,2,7";
				TEST_TARGET_NAME = "Still App";
				XROS_DEPLOYMENT_TARGET = 2.5;
			};
			name = Debug;
		};
		ACAEBAAC2E7F298E001A8113 /* Release */ = {
			isa = XCBuildConfiguration;
			buildSettings = {
				CODE_SIGN_STYLE = Automatic;
				CURRENT_PROJECT_VERSION = 1;
				DEVELOPMENT_TEAM = R28KUQ4KQP;
				GENERATE_INFOPLIST_FILE = YES;
				IPHONEOS_DEPLOYMENT_TARGET = 18.5;
				MACOSX_DEPLOYMENT_TARGET = 15.3;
				MARKETING_VERSION = 1.0;
				PRODUCT_BUNDLE_IDENTIFIER = "meditation.Still-AppUITests";
				PRODUCT_NAME = "$(TARGET_NAME)";
				SDKROOT = auto;
				SUPPORTED_PLATFORMS = "iphoneos iphonesimulator macosx xros xrsimulator";
				SWIFT_EMIT_LOC_STRINGS = NO;
				SWIFT_VERSION = 5.0;
				TARGETED_DEVICE_FAMILY = "1,2,7";
				TEST_TARGET_NAME = "Still App";
				XROS_DEPLOYMENT_TARGET = 2.5;
			};
			name = Release;
		};
/* End XCBuildConfiguration section */

/* Begin XCConfigurationList section */
		ACAEBA7D2E7F298D001A8113 /* Build configuration list for PBXProject "Still App" */ = {
			isa = XCConfigurationList;
			buildConfigurations = (
				ACAEBAA22E7F298E001A8113 /* Debug */,
				ACAEBAA32E7F298E001A8113 /* Release */,
			);
			defaultConfigurationIsVisible = 0;
			defaultConfigurationName = Release;
		};
		ACAEBAA42E7F298E001A8113 /* Build configuration list for PBXNativeTarget "Still App" */ = {
			isa = XCConfigurationList;
			buildConfigurations = (
				ACAEBAA52E7F298E001A8113 /* Debug */,
				ACAEBAA62E7F298E001A8113 /* Release */,
			);
			defaultConfigurationIsVisible = 0;
			defaultConfigurationName = Release;
		};
		ACAEBAA72E7F298E001A8113 /* Build configuration list for PBXNativeTarget "Still AppTests" */ = {
			isa = XCConfigurationList;
			buildConfigurations = (
				ACAEBAA82E7F298E001A8113 /* Debug */,
				ACAEBAA92E7F298E001A8113 /* Release */,
			);
			defaultConfigurationIsVisible = 0;
			defaultConfigurationName = Release;
		};
		ACAEBAAA2E7F298E001A8113 /* Build configuration list for PBXNativeTarget "Still AppUITests" */ = {
			isa = XCConfigurationList;
			buildConfigurations = (
				ACAEBAAB2E7F298E001A8113 /* Debug */,
				ACAEBAAC2E7F298E001A8113 /* Release */,
			);
			defaultConfigurationIsVisible = 0;
			defaultConfigurationName = Release;
		};
/* End XCConfigurationList section */

/* Begin XCRemoteSwiftPackageReference section */
		AC1234562F000001001A8113 /* XCRemoteSwiftPackageReference "firebase-ios-sdk" */ = {
			isa = XCRemoteSwiftPackageReference;
			repositoryURL = "https://github.com/firebase/firebase-ios-sdk.git";
			requirement = {
				kind = upToNextMajorVersion;
				minimumVersion = 11.0.0;
			};
		};
		AC1234572F000002001A8113 /* XCRemoteSwiftPackageReference "GoogleSignIn-iOS" */ = {
			isa = XCRemoteSwiftPackageReference;
			repositoryURL = "https://github.com/google/GoogleSignIn-iOS.git";
			requirement = {
				kind = upToNextMajorVersion;
				minimumVersion = 8.0.0;
			};
		};
/* End XCRemoteSwiftPackageReference section */

/* Begin XCSwiftPackageProductDependency section */
		AC1234582F000003001A8113 /* FirebaseAuth */ = {
			isa = XCSwiftPackageProductDependency;
			package = AC1234562F000001001A8113 /* XCRemoteSwiftPackageReference "firebase-ios-sdk" */;
			productName = FirebaseAuth;
		};
		AC1234592F000004001A8113 /* FirebaseCore */ = {
			isa = XCSwiftPackageProductDependency;
			package = AC1234562F000001001A8113 /* XCRemoteSwiftPackageReference "firebase-ios-sdk" */;
			productName = FirebaseCore;
		};
		AC12345A2F000005001A8113 /* GoogleSignIn */ = {
			isa = XCSwiftPackageProductDependency;
			package = AC1234572F000002001A8113 /* XCRemoteSwiftPackageReference "GoogleSignIn-iOS" */;
			productName = GoogleSignIn;
		};
		AC12345B2F000006001A8113 /* GoogleSignInSwift */ = {
			isa = XCSwiftPackageProductDependency;
			package = AC1234572F000002001A8113 /* XCRemoteSwiftPackageReference "GoogleSignIn-iOS" */;
			productName = GoogleSignInSwift;
		};
/* End XCSwiftPackageProductDependency section */
	};
	rootObject = ACAEBA7A2E7F298D001A8113 /* Project object */;
}
